version = 1
requires-python = ">=3.12"

[[package]]
name = "go-calls-python-with-grpc"
version = "0.1.0"
source = { virtual = "." }
dependencies = [
    { name = "grpcio" },
    { name = "protobuf" },
]

[package.metadata]
requires-dist = [
    { name = "grpcio", specifier = ">=1.66.1" },
    { name = "protobuf", specifier = "~=5.27.4" },
]

[[package]]
name = "grpcio"
version = "1.66.1"
source = { registry = "https://pypi.org/simple" }
sdist = { url = "https://files.pythonhosted.org/packages/e7/42/94293200e40480d79fc876b2330e7dffb20f959b390afa77c0dbaa0c8372/grpcio-1.66.1.tar.gz", hash = "sha256:35334f9c9745add3e357e3372756fd32d925bd52c41da97f4dfdafbde0bf0ee2", size = 12326405 }
wheels = [
    { url = "https://files.pythonhosted.org/packages/25/31/fa15c10757a8703332d9f9eff2ab676e8f8807e8636c01b965a37f806ded/grpcio-1.66.1-cp312-cp312-linux_armv7l.whl", hash = "sha256:a92c4f58c01c77205df6ff999faa008540475c39b835277fb8883b11cada127a", size = 4912090 },
    { url = "https://files.pythonhosted.org/packages/31/3f/09f796724b44b625e4d294f6df8ab0bb63b4709664bd574ea97a8c0d6159/grpcio-1.66.1-cp312-cp312-macosx_10_9_universal2.whl", hash = "sha256:fdb14bad0835914f325349ed34a51940bc2ad965142eb3090081593c6e347be9", size = 10579733 },
    { url = "https://files.pythonhosted.org/packages/bc/d5/15c5934ac3550f682b04753e5481eca18a3710b220e16d3345a7e6f7c9f6/grpcio-1.66.1-cp312-cp312-manylinux_2_17_aarch64.whl", hash = "sha256:f03a5884c56256e08fd9e262e11b5cfacf1af96e2ce78dc095d2c41ccae2c80d", size = 5421092 },
    { url = "https://files.pythonhosted.org/packages/fa/77/f8ab8d436373ad09e1f8f50bf759b4afc8ad1bc121e5cf7dedd8507a4b63/grpcio-1.66.1-cp312-cp312-manylinux_2_17_i686.manylinux2014_i686.whl", hash = "sha256:2ca2559692d8e7e245d456877a85ee41525f3ed425aa97eb7a70fc9a79df91a0", size = 6028550 },
    { url = "https://files.pythonhosted.org/packages/1d/6c/a813a5b6d716cbc5cc3e496b186b6878816bf5f32aa7f7ae5f9d8dc5e669/grpcio-1.66.1-cp312-cp312-manylinux_2_17_x86_64.manylinux2014_x86_64.whl", hash = "sha256:84ca1be089fb4446490dd1135828bd42a7c7f8421e74fa581611f7afdf7ab761", size = 5672550 },
    { url = "https://files.pythonhosted.org/packages/a0/72/06962e2891fe3846a9dc61547d8ef35151b8976a083187e6647e65306c45/grpcio-1.66.1-cp312-cp312-musllinux_1_1_i686.whl", hash = "sha256:d639c939ad7c440c7b2819a28d559179a4508783f7e5b991166f8d7a34b52815", size = 6354719 },
    { url = "https://files.pythonhosted.org/packages/43/10/4db87a953a3f3c73a8284e176556b6eca33496b8ffaa93107f37f772148e/grpcio-1.66.1-cp312-cp312-musllinux_1_1_x86_64.whl", hash = "sha256:b9feb4e5ec8dc2d15709f4d5fc367794d69277f5d680baf1910fc9915c633524", size = 5933351 },
    { url = "https://files.pythonhosted.org/packages/47/c7/f1fdd77bbe1c6459777a2d604228cc80124373e75d775c2a019755c29182/grpcio-1.66.1-cp312-cp312-win32.whl", hash = "sha256:7101db1bd4cd9b880294dec41a93fcdce465bdbb602cd8dc5bd2d6362b618759", size = 3538005 },
    { url = "https://files.pythonhosted.org/packages/66/2b/a6e68d7ea6f4fbc31cce20e354d6cef484da0a9891ee6a3eaf3aa9659d01/grpcio-1.66.1-cp312-cp312-win_amd64.whl", hash = "sha256:b0aa03d240b5539648d996cc60438f128c7f46050989e35b25f5c18286c86734", size = 4275565 },
]

[[package]]
name = "protobuf"
version = "5.27.4"
source = { registry = "https://pypi.org/simple" }
sdist = { url = "https://files.pythonhosted.org/packages/27/7b/11d9fb99c0de4075b6064fa38997ccd6e7392619c1dcba85138cd528d84c/protobuf-5.27.4.tar.gz", hash = "sha256:eaa1016e353d8fc5bf08c8087e96eed15f5297aa52bb7ee1f533278bb3f3aad7", size = 401622 }
wheels = [
    { url = "https://files.pythonhosted.org/packages/53/3d/b8353f3d3e3f37af675cfed1fa3df4e8e9671a584e563f4967670184e955/protobuf-5.27.4-cp310-abi3-win32.whl", hash = "sha256:10319748764b917a9a7cddef1582a0a9cd0f8f6d04e545c6236f7ccaf9b624d9", size = 405836 },
    { url = "https://files.pythonhosted.org/packages/6a/32/bb9fc66f17971c67bd3f01255ea429ad6438e5e604c10376b3c9898ce3e0/protobuf-5.27.4-cp310-abi3-win_amd64.whl", hash = "sha256:f0c24374aaaf103f33662e4de7666a4a4280abebdb8a9f3f0f9b1d71b61174ec", size = 426931 },
    { url = "https://files.pythonhosted.org/packages/00/02/ae6b2d7e9eb38584395c488ffbe3fb96bbeaacaf8187542bc3a537f75db4/protobuf-5.27.4-cp38-abi3-macosx_10_9_universal2.whl", hash = "sha256:e85fed07013e5a0121efbaf1b14355fdc66f6e545f12fc5985b2882370410006", size = 412255 },
    { url = "https://files.pythonhosted.org/packages/5a/87/7e86753db5b4f1fbf9292a319bdac19252190419083bcadfc30d0be23636/protobuf-5.27.4-cp38-abi3-manylinux2014_aarch64.whl", hash = "sha256:d5a0e229061600842e57af4ff6a8522ede5280bcfa4fe7f3a1c20589377859a6", size = 307151 },
    { url = "https://files.pythonhosted.org/packages/06/cc/5380628b10abca723f311e03a713687dd0b9f6ee760d947725cbda85c85e/protobuf-5.27.4-cp38-abi3-manylinux2014_x86_64.whl", hash = "sha256:25ba1f0633f73c3939f3b84e1636f3eb3bab7196952ebb83906d56945edd6aa8", size = 309267 },
    { url = "https://files.pythonhosted.org/packages/23/0b/fc0f81c4033d94e52ea07f8fa8b06ecfec857bbc2c62c6d222f6024a20dc/protobuf-5.27.4-py3-none-any.whl", hash = "sha256:b97259641e8d38738eef34a173e51d2d53a453baab01a32477a64752d9ce59a3", size = 164781 },
]
